
Microsoft Visual Studio Solution File, Format Version 12.00
# Visual Studio Version 17
VisualStudioVersion = 17.14.36310.24 d17.14
MinimumVisualStudioVersion = 10.0.40219.1
Project("{FAE04EC0-301F-11D3-BF4B-00C04F79EFBC}") = "Bank", "Bank.csproj", "{9CE821CC-14F7-46A9-8679-3C895E8BEEF8}"
EndProject
Global
	GlobalSection(SolutionConfigurationPlatforms) = preSolution
		Debug|Any CPU = Debug|Any CPU
		Release|Any CPU = Release|Any CPU
	EndGlobalSection
	GlobalSection(ProjectConfigurationPlatforms) = postSolution
		{9CE821CC-14F7-46A9-8679-3C895E8BEEF8}.Debug|Any CPU.ActiveCfg = Debug|Any CPU
		{9CE821CC-14F7-46A9-8679-3C895E8BEEF8}.Debug|Any CPU.Build.0 = Debug|Any CPU
		{9CE821CC-14F7-46A9-8679-3C895E8BEEF8}.Release|Any CPU.ActiveCfg = Release|Any CPU
		{9CE821CC-14F7-46A9-8679-3C895E8BEEF8}.Release|Any CPU.Build.0 = Release|Any CPU
	EndGlobalSection
	GlobalSection(SolutionProperties) = preSolution
		HideSolutionNode = FALSE
	EndGlobalSection
	GlobalSection(ExtensibilityGlobals) = postSolution
		SolutionGuid = {172C61E0-8089-4FB1-AAA9-6168866FAA7E}
	EndGlobalSection
EndGlobal
