
Microsoft Visual Studio Solution File, Format Version 12.00
# Visual Studio Version 17
VisualStudioVersion = 17.14.36310.24 d17.14
MinimumVisualStudioVersion = 10.0.40219.1
Project("{FAE04EC0-301F-11D3-BF4B-00C04F79EFBC}") = "greet", "greet.csproj", "{E5B0DD40-A166-47E6-92FC-ED280D09F3AA}"
EndProject
Global
	GlobalSection(SolutionConfigurationPlatforms) = preSolution
		Debug|Any CPU = Debug|Any CPU
		Release|Any CPU = Release|Any CPU
	EndGlobalSection
	GlobalSection(ProjectConfigurationPlatforms) = postSolution
		{E5B0DD40-A166-47E6-92FC-ED280D09F3AA}.Debug|Any CPU.ActiveCfg = Debug|Any CPU
		{E5B0DD40-A166-47E6-92FC-ED280D09F3AA}.Debug|Any CPU.Build.0 = Debug|Any CPU
		{E5B0DD40-A166-47E6-92FC-ED280D09F3AA}.Release|Any CPU.ActiveCfg = Release|Any CPU
		{E5B0DD40-A166-47E6-92FC-ED280D09F3AA}.Release|Any CPU.Build.0 = Release|Any CPU
	EndGlobalSection
	GlobalSection(SolutionProperties) = preSolution
		HideSolutionNode = FALSE
	EndGlobalSection
	GlobalSection(ExtensibilityGlobals) = postSolution
		SolutionGuid = {BB0BE19E-45FC-4791-B717-E3D01FB84F2B}
	EndGlobalSection
EndGlobal
