
Microsoft Visual Studio Solution File, Format Version 12.00
# Visual Studio Version 17
VisualStudioVersion = 17.14.36310.24 d17.14
MinimumVisualStudioVersion = 10.0.40219.1
Project("{FAE04EC0-301F-11D3-BF4B-00C04F79EFBC}") = "possitivenegetiveorzero", "possitivenegetiveorzero.csproj", "{2C1C37C1-2D29-4A6E-84D3-A0B30F8D7C8C}"
EndProject
Global
	GlobalSection(SolutionConfigurationPlatforms) = preSolution
		Debug|Any CPU = Debug|Any CPU
		Release|Any CPU = Release|Any CPU
	EndGlobalSection
	GlobalSection(ProjectConfigurationPlatforms) = postSolution
		{2C1C37C1-2D29-4A6E-84D3-A0B30F8D7C8C}.Debug|Any CPU.ActiveCfg = Debug|Any CPU
		{2C1C37C1-2D29-4A6E-84D3-A0B30F8D7C8C}.Debug|Any CPU.Build.0 = Debug|Any CPU
		{2C1C37C1-2D29-4A6E-84D3-A0B30F8D7C8C}.Release|Any CPU.ActiveCfg = Release|Any CPU
		{2C1C37C1-2D29-4A6E-84D3-A0B30F8D7C8C}.Release|Any CPU.Build.0 = Release|Any CPU
	EndGlobalSection
	GlobalSection(SolutionProperties) = preSolution
		HideSolutionNode = FALSE
	EndGlobalSection
	GlobalSection(ExtensibilityGlobals) = postSolution
		SolutionGuid = {E5C9659F-E275-4663-B8E3-5774413EB116}
	EndGlobalSection
EndGlobal
